// !$*UTF8*$!
{
	archiveVersion = 1;
	classes = {
	};
	objectVersion = 56;
	objects = {

/* Begin PBXBuildFile section */
		3F3D54012A45D4A70094861B /* AppDelegate.swift in Sources */ = {isa = PBXBuildFile; fileRef = 3F3D54002A45D4A70094861B /* AppDelegate.swift */; };
		3F3D54032A45D4A70094861B /* SceneDelegate.swift in Sources */ = {isa = PBXBuildFile; fileRef = 3F3D54022A45D4A70094861B /* SceneDelegate.swift */; };
		3F3D54052A45D4A70094861B /* ViewController.swift in Sources */ = {isa = PBXBuildFile; fileRef = 3F3D54042A45D4A70094861B /* ViewController.swift */; };
		3F3D540A2A45D4A80094861B /* Assets.xcassets in Resources */ = {isa = PBXBuildFile; fileRef = 3F3D54092A45D4A80094861B /* Assets.xcassets */; };
		3F3D540D2A45D4A80094861B /* LaunchScreen.storyboard in Resources */ = {isa = PBXBuildFile; fileRef = 3F3D540B2A45D4A80094861B /* LaunchScreen.storyboard */; };
		3F3D54182A45D4A80094861B /* snapkitTests.swift in Sources */ = {isa = PBXBuildFile; fileRef = 3F3D54172A45D4A80094861B /* snapkitTests.swift */; };
		3F3D54222A45D4A80094861B /* snapkitUITests.swift in Sources */ = {isa = PBXBuildFile; fileRef = 3F3D54212A45D4A80094861B /* snapkitUITests.swift */; };
		3F3D54242A45D4A80094861B /* snapkitUITestsLaunchTests.swift in Sources */ = {isa = PBXBuildFile; fileRef = 3F3D54232A45D4A80094861B /* snapkitUITestsLaunchTests.swift */; };
		3F3D54322A45D9BB0094861B /* SnapKit in Frameworks */ = {isa = PBXBuildFile; productRef = 3F3D54312A45D9BB0094861B /* SnapKit */; };
		3F3DBDF22A45E9B200CA938B /* second.swift in Sources */ = {isa = PBXBuildFile; fileRef = 3F3DBDF12A45E9B200CA938B /* second.swift */; };
/* End PBXBuildFile section */

/* Begin PBXContainerItemProxy section */
		3F3D54142A45D4A80094861B /* PBXContainerItemProxy */ = {
			isa = PBXContainerItemProxy;
			containerPortal = 3F3D53F52A45D4A70094861B /* Project object */;
			proxyType = 1;
			remoteGlobalIDString = 3F3D53FC2A45D4A70094861B;
			remoteInfo = snapkit;
		};
		3F3D541E2A45D4A80094861B /* PBXContainerItemProxy */ = {
			isa = PBXContainerItemProxy;
			containerPortal = 3F3D53F52A45D4A70094861B /* Project object */;
			proxyType = 1;
			remoteGlobalIDString = 3F3D53FC2A45D4A70094861B;
			remoteInfo = snapkit;
		};
/* End PBXContainerItemProxy section */

/* Begin PBXFileReference section */
		3F3D53FD2A45D4A70094861B /* snapkit.app */ = {isa = PBXFileReference; explicitFileType = wrapper.application; includeInIndex = 0; path = snapkit.app; sourceTree = BUILT_PRODUCTS_DIR; };
		3F3D54002A45D4A70094861B /* AppDelegate.swift */ = {isa = PBXFileReference; lastKnownFileType = sourcecode.swift; path = AppDelegate.swift; sourceTree = "<group>"; };
		3F3D54022A45D4A70094861B /* SceneDelegate.swift */ = {isa = PBXFileReference; lastKnownFileType = sourcecode.swift; path = SceneDelegate.swift; sourceTree = "<group>"; };
		3F3D54042A45D4A70094861B /* ViewController.swift */ = {isa = PBXFileReference; lastKnownFileType = sourcecode.swift; path = ViewController.swift; sourceTree = "<group>"; };
		3F3D54092A45D4A80094861B /* Assets.xcassets */ = {isa = PBXFileReference; lastKnownFileType = folder.assetcatalog; path = Assets.xcassets; sourceTree = "<group>"; };
		3F3D540C2A45D4A80094861B /* Base */ = {isa = PBXFileReference; lastKnownFileType = file.storyboard; name = Base; path = Base.lproj/LaunchScreen.storyboard; sourceTree = "<group>"; };
		3F3D540E2A45D4A80094861B /* Info.plist */ = {isa = PBXFileReference; lastKnownFileType = text.plist.xml; path = Info.plist; sourceTree = "<group>"; };
		3F3D54132A45D4A80094861B /* snapkitTests.xctest */ = {isa = PBXFileReference; explicitFileType = wrapper.cfbundle; includeInIndex = 0; path = snapkitTests.xctest; sourceTree = BUILT_PRODUCTS_DIR; };
		3F3D54172A45D4A80094861B /* snapkitTests.swift */ = {isa = PBXFileReference; lastKnownFileType = sourcecode.swift; path = snapkitTests.swift; sourceTree = "<group>"; };
		3F3D541D2A45D4A80094861B /* snapkitUITests.xctest */ = {isa = PBXFileReference; explicitFileType = wrapper.cfbundle; includeInIndex = 0; path = snapkitUITests.xctest; sourceTree = BUILT_PRODUCTS_DIR; };
		3F3D54212A45D4A80094861B /* snapkitUITests.swift */ = {isa = PBXFileReference; lastKnownFileType = sourcecode.swift; path = snapkitUITests.swift; sourceTree = "<group>"; };
		3F3D54232A45D4A80094861B /* snapkitUITestsLaunchTests.swift */ = {isa = PBXFileReference; lastKnownFileType = sourcecode.swift; path = snapkitUITestsLaunchTests.swift; sourceTree = "<group>"; };
		3F3DBDF12A45E9B200CA938B /* second.swift */ = {isa = PBXFileReference; lastKnownFileType = sourcecode.swift; path = second.swift; sourceTree = "<group>"; };
/* End PBXFileReference section */

/* Begin PBXFrameworksBuildPhase section */
		3F3D53FA2A45D4A70094861B /* Frameworks */ = {
			isa = PBXFrameworksBuildPhase;
			buildActionMask = 2147483647;
			files = (
				3F3D54322A45D9BB0094861B /* SnapKit in Frameworks */,
			);
			runOnlyForDeploymentPostprocessing = 0;
		};
		3F3D54102A45D4A80094861B /* Frameworks */ = {
			isa = PBXFrameworksBuildPhase;
			buildActionMask = 2147483647;
			files = (
			);
			runOnlyForDeploymentPostprocessing = 0;
		};
		3F3D541A2A45D4A80094861B /* Frameworks */ = {
			isa = PBXFrameworksBuildPhase;
			buildActionMask = 2147483647;
			files = (
			);
			runOnlyForDeploymentPostprocessing = 0;
		};
/* End PBXFrameworksBuildPhase section */

/* Begin PBXGroup section */
		3F3D53F42A45D4A70094861B = {
			isa = PBXGroup;
			children = (
				3F3D53FF2A45D4A70094861B /* snapkit */,
				3F3D54162A45D4A80094861B /* snapkitTests */,
				3F3D54202A45D4A80094861B /* snapkitUITests */,
				3F3D53FE2A45D4A70094861B /* Products */,
			);
			sourceTree = "<group>";
		};
		3F3D53FE2A45D4A70094861B /* Products */ = {
			isa = PBXGroup;
			children = (
				3F3D53FD2A45D4A70094861B /* snapkit.app */,
				3F3D54132A45D4A80094861B /* snapkitTests.xctest */,
				3F3D541D2A45D4A80094861B /* snapkitUITests.xctest */,
			);
			name = Products;
			sourceTree = "<group>";
		};
		3F3D53FF2A45D4A70094861B /* snapkit */ = {
			isa = PBXGroup;
			children = (
				3F3D54002A45D4A70094861B /* AppDelegate.swift */,
				3F3D54022A45D4A70094861B /* SceneDelegate.swift */,
				3F3D54042A45D4A70094861B /* ViewController.swift */,
				3F3DBDF12A45E9B200CA938B /* second.swift */,
				3F3D54092A45D4A80094861B /* Assets.xcassets */,
				3F3D540B2A45D4A80094861B /* LaunchScreen.storyboard */,
				3F3D540E2A45D4A80094861B /* Info.plist */,
			);
			path = snapkit;
			sourceTree = "<group>";
		};
		3F3D54162A45D4A80094861B /* snapkitTests */ = {
			isa = PBXGroup;
			children = (
				3F3D54172A45D4A80094861B /* snapkitTests.swift */,
			);
			path = snapkitTests;
			sourceTree = "<group>";
		};
		3F3D54202A45D4A80094861B /* snapkitUITests */ = {
			isa = PBXGroup;
			children = (
				3F3D54212A45D4A80094861B /* snapkitUITests.swift */,
				3F3D54232A45D4A80094861B /* snapkitUITestsLaunchTests.swift */,
			);
			path = snapkitUITests;
			sourceTree = "<group>";
		};
/* End PBXGroup section */

/* Begin PBXNativeTarget section */
		3F3D53FC2A45D4A70094861B /* snapkit */ = {
			isa = PBXNativeTarget;
			buildConfigurationList = 3F3D54272A45D4A80094861B /* Build configuration list for PBXNativeTarget "snapkit" */;
			buildPhases = (
				3F3D53F92A45D4A70094861B /* Sources */,
				3F3D53FA2A45D4A70094861B /* Frameworks */,
				3F3D53FB2A45D4A70094861B /* Resources */,
			);
			buildRules = (
			);
			dependencies = (
			);
			name = snapkit;
			packageProductDependencies = (
				3F3D54312A45D9BB0094861B /* SnapKit */,
			);
			productName = snapkit;
			productReference = 3F3D53FD2A45D4A70094861B /* snapkit.app */;
			productType = "com.apple.product-type.application";
		};
		3F3D54122A45D4A80094861B /* snapkitTests */ = {
			isa = PBXNativeTarget;
			buildConfigurationList = 3F3D542A2A45D4A80094861B /* Build configuration list for PBXNativeTarget "snapkitTests" */;
			buildPhases = (
				3F3D540F2A45D4A80094861B /* Sources */,
				3F3D54102A45D4A80094861B /* Frameworks */,
				3F3D54112A45D4A80094861B /* Resources */,
			);
			buildRules = (
			);
			dependencies = (
				3F3D54152A45D4A80094861B /* PBXTargetDependency */,
			);
			name = snapkitTests;
			productName = snapkitTests;
			productReference = 3F3D54132A45D4A80094861B /* snapkitTests.xctest */;
			productType = "com.apple.product-type.bundle.unit-test";
		};
		3F3D541C2A45D4A80094861B /* snapkitUITests */ = {
			isa = PBXNativeTarget;
			buildConfigurationList = 3F3D542D2A45D4A80094861B /* Build configuration list for PBXNativeTarget "snapkitUITests" */;
			buildPhases = (
				3F3D54192A45D4A80094861B /* Sources */,
				3F3D541A2A45D4A80094861B /* Frameworks */,
				3F3D541B2A45D4A80094861B /* Resources */,
			);
			buildRules = (
			);
			dependencies = (
				3F3D541F2A45D4A80094861B /* PBXTargetDependency */,
			);
			name = snapkitUITests;
			productName = snapkitUITests;
			productReference = 3F3D541D2A45D4A80094861B /* snapkitUITests.xctest */;
			productType = "com.apple.product-type.bundle.ui-testing";
		};
/* End PBXNativeTarget section */

/* Begin PBXProject section */
		3F3D53F52A45D4A70094861B /* Project object */ = {
			isa = PBXProject;
			attributes = {
				BuildIndependentTargetsInParallel = 1;
				LastSwiftUpdateCheck = 1420;
				LastUpgradeCheck = 1420;
				TargetAttributes = {
					3F3D53FC2A45D4A70094861B = {
						CreatedOnToolsVersion = 14.2;
					};
					3F3D54122A45D4A80094861B = {
						CreatedOnToolsVersion = 14.2;
						TestTargetID = 3F3D53FC2A45D4A70094861B;
					};
					3F3D541C2A45D4A80094861B = {
						CreatedOnToolsVersion = 14.2;
						TestTargetID = 3F3D53FC2A45D4A70094861B;
					};
				};
			};
			buildConfigurationList = 3F3D53F82A45D4A70094861B /* Build configuration list for PBXProject "snapkit" */;
			compatibilityVersion = "Xcode 14.0";
			developmentRegion = en;
			hasScannedForEncodings = 0;
			knownRegions = (
				en,
				Base,
			);
			mainGroup = 3F3D53F42A45D4A70094861B;
			packageReferences = (
				3F3D54302A45D9BB0094861B /* XCRemoteSwiftPackageReference "SnapKit" */,
			);
			productRefGroup = 3F3D53FE2A45D4A70094861B /* Products */;
			projectDirPath = "";
			projectRoot = "";
			targets = (
				3F3D53FC2A45D4A70094861B /* snapkit */,
				3F3D54122A45D4A80094861B /* snapkitTests */,
				3F3D541C2A45D4A80094861B /* snapkitUITests */,
			);
		};
/* End PBXProject section */

/* Begin PBXResourcesBuildPhase section */
		3F3D53FB2A45D4A70094861B /* Resources */ = {
			isa = PBXResourcesBuildPhase;
			buildActionMask = 2147483647;
			files = (
				3F3D540D2A45D4A80094861B /* LaunchScreen.storyboard in Resources */,
				3F3D540A2A45D4A80094861B /* Assets.xcassets in Resources */,
			);
			runOnlyForDeploymentPostprocessing = 0;
		};
		3F3D54112A45D4A80094861B /* Resources */ = {
			isa = PBXResourcesBuildPhase;
			buildActionMask = 2147483647;
			files = (
			);
			runOnlyForDeploymentPostprocessing = 0;
		};
		3F3D541B2A45D4A80094861B /* Resources */ = {
			isa = PBXResourcesBuildPhase;
			buildActionMask = 2147483647;
			files = (
			);
			runOnlyForDeploymentPostprocessing = 0;
		};
/* End PBXResourcesBuildPhase section */

/* Begin PBXSourcesBuildPhase section */
		3F3D53F92A45D4A70094861B /* Sources */ = {
			isa = PBXSourcesBuildPhase;
			buildActionMask = 2147483647;
			files = (
				3F3D54052A45D4A70094861B /* ViewController.swift in Sources */,
				3F3D54012A45D4A70094861B /* AppDelegate.swift in Sources */,
				3F3D54032A45D4A70094861B /* SceneDelegate.swift in Sources */,
				3F3DBDF22A45E9B200CA938B /* second.swift in Sources */,
			);
			runOnlyForDeploymentPostprocessing = 0;
		};
		3F3D540F2A45D4A80094861B /* Sources */ = {
			isa = PBXSourcesBuildPhase;
			buildActionMask = 2147483647;
			files = (
				3F3D54182A45D4A80094861B /* snapkitTests.swift in Sources */,
			);
			runOnlyForDeploymentPostprocessing = 0;
		};
		3F3D54192A45D4A80094861B /* Sources */ = {
			isa = PBXSourcesBuildPhase;
			buildActionMask = 2147483647;
			files = (
				3F3D54222A45D4A80094861B /* snapkitUITests.swift in Sources */,
				3F3D54242A45D4A80094861B /* snapkitUITestsLaunchTests.swift in Sources */,
			);
			runOnlyForDeploymentPostprocessing = 0;
		};
/* End PBXSourcesBuildPhase section */

/* Begin PBXTargetDependency section */
		3F3D54152A45D4A80094861B /* PBXTargetDependency */ = {
			isa = PBXTargetDependency;
			target = 3F3D53FC2A45D4A70094861B /* snapkit */;
			targetProxy = 3F3D54142A45D4A80094861B /* PBXContainerItemProxy */;
		};
		3F3D541F2A45D4A80094861B /* PBXTargetDependency */ = {
			isa = PBXTargetDependency;
			target = 3F3D53FC2A45D4A70094861B /* snapkit */;
			targetProxy = 3F3D541E2A45D4A80094861B /* PBXContainerItemProxy */;
		};
/* End PBXTargetDependency section */

/* Begin PBXVariantGroup section */
		3F3D540B2A45D4A80094861B /* LaunchScreen.storyboard */ = {
			isa = PBXVariantGroup;
			children = (
				3F3D540C2A45D4A80094861B /* Base */,
			);
			name = LaunchScreen.storyboard;
			sourceTree = "<group>";
		};
/* End PBXVariantGroup section */

/* Begin XCBuildConfiguration section */
		3F3D54252A45D4A80094861B /* Debug */ = {
			isa = XCBuildConfiguration;
			buildSettings = {
				ALWAYS_SEARCH_USER_PATHS = NO;
				CLANG_ANALYZER_NONNULL = YES;
				CLANG_ANALYZER_NUMBER_OBJECT_CONVERSION = YES_AGGRESSIVE;
				CLANG_CXX_LANGUAGE_STANDARD = "gnu++20";
				CLANG_ENABLE_MODULES = YES;
				CLANG_ENABLE_OBJC_ARC = YES;
				CLANG_ENABLE_OBJC_WEAK = YES;
				CLANG_WARN_BLOCK_CAPTURE_AUTORELEASING = YES;
				CLANG_WARN_BOOL_CONVERSION = YES;
				CLANG_WARN_COMMA = YES;
				CLANG_WARN_CONSTANT_CONVERSION = YES;
				CLANG_WARN_DEPRECATED_OBJC_IMPLEMENTATIONS = YES;
				CLANG_WARN_DIRECT_OBJC_ISA_USAGE = YES_ERROR;
				CLANG_WARN_DOCUMENTATION_COMMENTS = YES;
				CLANG_WARN_EMPTY_BODY = YES;
				CLANG_WARN_ENUM_CONVERSION = YES;
				CLANG_WARN_INFINITE_RECURSION = YES;
				CLANG_WARN_INT_CONVERSION = YES;
				CLANG_WARN_NON_LITERAL_NULL_CONVERSION = YES;
				CLANG_WARN_OBJC_IMPLICIT_RETAIN_SELF = YES;
				CLANG_WARN_OBJC_LITERAL_CONVERSION = YES;
				CLANG_WARN_OBJC_ROOT_CLASS = YES_ERROR;
				CLANG_WARN_QUOTED_INCLUDE_IN_FRAMEWORK_HEADER = YES;
				CLANG_WARN_RANGE_LOOP_ANALYSIS = YES;
				CLANG_WARN_STRICT_PROTOTYPES = YES;
				CLANG_WARN_SUSPICIOUS_MOVE = YES;
				CLANG_WARN_UNGUARDED_AVAILABILITY = YES_AGGRESSIVE;
				CLANG_WARN_UNREACHABLE_CODE = YES;
				CLANG_WARN__DUPLICATE_METHOD_MATCH = YES;
				COPY_PHASE_STRIP = NO;
				DEBUG_INFORMATION_FORMAT = dwarf;
				ENABLE_STRICT_OBJC_MSGSEND = YES;
				ENABLE_TESTABILITY = YES;
				GCC_C_LANGUAGE_STANDARD = gnu11;
				GCC_DYNAMIC_NO_PIC = NO;
				GCC_NO_COMMON_BLOCKS = YES;
				GCC_OPTIMIZATION_LEVEL = 0;
				GCC_PREPROCESSOR_DEFINITIONS = (
					"DEBUG=1",
					"$(inherited)",
				);
				GCC_WARN_64_TO_32_BIT_CONVERSION = YES;
				GCC_WARN_ABOUT_RETURN_TYPE = YES_ERROR;
				GCC_WARN_UNDECLARED_SELECTOR = YES;
				GCC_WARN_UNINITIALIZED_AUTOS = YES_AGGRESSIVE;
				GCC_WARN_UNUSED_FUNCTION = YES;
				GCC_WARN_UNUSED_VARIABLE = YES;
				IPHONEOS_DEPLOYMENT_TARGET = 16.2;
				MTL_ENABLE_DEBUG_INFO = INCLUDE_SOURCE;
				MTL_FAST_MATH = YES;
				ONLY_ACTIVE_ARCH = YES;
				SDKROOT = iphoneos;
				SWIFT_ACTIVE_COMPILATION_CONDITIONS = DEBUG;
				SWIFT_OPTIMIZATION_LEVEL = "-Onone";
			};
			name = Debug;
		};
		3F3D54262A45D4A80094861B /* Release */ = {
			isa = XCBuildConfiguration;
			buildSettings = {
				ALWAYS_SEARCH_USER_PATHS = NO;
				CLANG_ANALYZER_NONNULL = YES;
				CLANG_ANALYZER_NUMBER_OBJECT_CONVERSION = YES_AGGRESSIVE;
				CLANG_CXX_LANGUAGE_STANDARD = "gnu++20";
				CLANG_ENABLE_MODULES = YES;
				CLANG_ENABLE_OBJC_ARC = YES;
				CLANG_ENABLE_OBJC_WEAK = YES;
				CLANG_WARN_BLOCK_CAPTURE_AUTORELEASING = YES;
				CLANG_WARN_BOOL_CONVERSION = YES;
				CLANG_WARN_COMMA = YES;
				CLANG_WARN_CONSTANT_CONVERSION = YES;
				CLANG_WARN_DEPRECATED_OBJC_IMPLEMENTATIONS = YES;
				CLANG_WARN_DIRECT_OBJC_ISA_USAGE = YES_ERROR;
				CLANG_WARN_DOCUMENTATION_COMMENTS = YES;
				CLANG_WARN_EMPTY_BODY = YES;
				CLANG_WARN_ENUM_CONVERSION = YES;
				CLANG_WARN_INFINITE_RECURSION = YES;
				CLANG_WARN_INT_CONVERSION = YES;
				CLANG_WARN_NON_LITERAL_NULL_CONVERSION = YES;
				CLANG_WARN_OBJC_IMPLICIT_RETAIN_SELF = YES;
				CLANG_WARN_OBJC_LITERAL_CONVERSION = YES;
				CLANG_WARN_OBJC_ROOT_CLASS = YES_ERROR;
				CLANG_WARN_QUOTED_INCLUDE_IN_FRAMEWORK_HEADER = YES;
				CLANG_WARN_RANGE_LOOP_ANALYSIS = YES;
				CLANG_WARN_STRICT_PROTOTYPES = YES;
				CLANG_WARN_SUSPICIOUS_MOVE = YES;
				CLANG_WARN_UNGUARDED_AVAILABILITY = YES_AGGRESSIVE;
				CLANG_WARN_UNREACHABLE_CODE = YES;
				CLANG_WARN__DUPLICATE_METHOD_MATCH = YES;
				COPY_PHASE_STRIP = NO;
				DEBUG_INFORMATION_FORMAT = "dwarf-with-dsym";
				ENABLE_NS_ASSERTIONS = NO;
				ENABLE_STRICT_OBJC_MSGSEND = YES;
				GCC_C_LANGUAGE_STANDARD = gnu11;
				GCC_NO_COMMON_BLOCKS = YES;
				GCC_WARN_64_TO_32_BIT_CONVERSION = YES;
				GCC_WARN_ABOUT_RETURN_TYPE = YES_ERROR;
				GCC_WARN_UNDECLARED_SELECTOR = YES;
				GCC_WARN_UNINITIALIZED_AUTOS = YES_AGGRESSIVE;
				GCC_WARN_UNUSED_FUNCTION = YES;
				GCC_WARN_UNUSED_VARIABLE = YES;
				IPHONEOS_DEPLOYMENT_TARGET = 16.2;
				MTL_ENABLE_DEBUG_INFO = NO;
				MTL_FAST_MATH = YES;
				SDKROOT = iphoneos;
				SWIFT_COMPILATION_MODE = wholemodule;
				SWIFT_OPTIMIZATION_LEVEL = "-O";
				VALIDATE_PRODUCT = YES;
			};
			name = Release;
		};
		3F3D54282A45D4A80094861B /* Debug */ = {
			isa = XCBuildConfiguration;
			buildSettings = {
				ASSETCATALOG_COMPILER_APPICON_NAME = AppIcon;
				ASSETCATALOG_COMPILER_GLOBAL_ACCENT_COLOR_NAME = AccentColor;
				CODE_SIGN_STYLE = Automatic;
				CURRENT_PROJECT_VERSION = 1;
				DEVELOPMENT_TEAM = KT22AUQWMB;
				GENERATE_INFOPLIST_FILE = YES;
				INFOPLIST_FILE = snapkit/Info.plist;
				INFOPLIST_KEY_UIApplicationSupportsIndirectInputEvents = YES;
				INFOPLIST_KEY_UILaunchStoryboardName = LaunchScreen;
				INFOPLIST_KEY_UISupportedInterfaceOrientations_iPad = "UIInterfaceOrientationPortrait UIInterfaceOrientationPortraitUpsideDown UIInterfaceOrientationLandscapeLeft UIInterfaceOrientationLandscapeRight";
				INFOPLIST_KEY_UISupportedInterfaceOrientations_iPhone = "UIInterfaceOrientationPortrait UIInterfaceOrientationLandscapeLeft UIInterfaceOrientationLandscapeRight";
				LD_RUNPATH_SEARCH_PATHS = (
					"$(inherited)",
					"@executable_path/Frameworks",
				);
				MARKETING_VERSION = 1.0;
				PRODUCT_BUNDLE_IDENTIFIER = "-23.snapkit";
				PRODUCT_NAME = "$(TARGET_NAME)";
				SWIFT_EMIT_LOC_STRINGS = YES;
				SWIFT_VERSION = 5.0;
				TARGETED_DEVICE_FAMILY = "1,2";
			};
			name = Debug;
		};
		3F3D54292A45D4A80094861B /* Release */ = {
			isa = XCBuildConfiguration;
			buildSettings = {
				ASSETCATALOG_COMPILER_APPICON_NAME = AppIcon;
				ASSETCATALOG_COMPILER_GLOBAL_ACCENT_COLOR_NAME = AccentColor;
				CODE_SIGN_STYLE = Automatic;
				CURRENT_PROJECT_VERSION = 1;
				DEVELOPMENT_TEAM = KT22AUQWMB;
				GENERATE_INFOPLIST_FILE = YES;
				INFOPLIST_FILE = snapkit/Info.plist;
				INFOPLIST_KEY_UIApplicationSupportsIndirectInputEvents = YES;
				INFOPLIST_KEY_UILaunchStoryboardName = LaunchScreen;
				INFOPLIST_KEY_UISupportedInterfaceOrientations_iPad = "UIInterfaceOrientationPortrait UIInterfaceOrientationPortraitUpsideDown UIInterfaceOrientationLandscapeLeft UIInterfaceOrientationLandscapeRight";
				INFOPLIST_KEY_UISupportedInterfaceOrientations_iPhone = "UIInterfaceOrientationPortrait UIInterfaceOrientationLandscapeLeft UIInterfaceOrientationLandscapeRight";
				LD_RUNPATH_SEARCH_PATHS = (
					"$(inherited)",
					"@executable_path/Frameworks",
				);
				MARKETING_VERSION = 1.0;
				PRODUCT_BUNDLE_IDENTIFIER = "-23.snapkit";
				PRODUCT_NAME = "$(TARGET_NAME)";
				SWIFT_EMIT_LOC_STRINGS = YES;
				SWIFT_VERSION = 5.0;
				TARGETED_DEVICE_FAMILY = "1,2";
			};
			name = Release;
		};
		3F3D542B2A45D4A80094861B /* Debug */ = {
			isa = XCBuildConfiguration;
			buildSettings = {
				ALWAYS_EMBED_SWIFT_STANDARD_LIBRARIES = YES;
				BUNDLE_LOADER = "$(TEST_HOST)";
				CODE_SIGN_STYLE = Automatic;
				CURRENT_PROJECT_VERSION = 1;
				DEVELOPMENT_TEAM = KT22AUQWMB;
				GENERATE_INFOPLIST_FILE = YES;
				IPHONEOS_DEPLOYMENT_TARGET = 16.2;
				MARKETING_VERSION = 1.0;
				PRODUCT_BUNDLE_IDENTIFIER = "-23.snapkitTests";
				PRODUCT_NAME = "$(TARGET_NAME)";
				SWIFT_EMIT_LOC_STRINGS = NO;
				SWIFT_VERSION = 5.0;
				TARGETED_DEVICE_FAMILY = "1,2";
				TEST_HOST = "$(BUILT_PRODUCTS_DIR)/snapkit.app/$(BUNDLE_EXECUTABLE_FOLDER_PATH)/snapkit";
			};
			name = Debug;
		};
		3F3D542C2A45D4A80094861B /* Release */ = {
			isa = XCBuildConfiguration;
			buildSettings = {
				ALWAYS_EMBED_SWIFT_STANDARD_LIBRARIES = YES;
				BUNDLE_LOADER = "$(TEST_HOST)";
				CODE_SIGN_STYLE = Automatic;
				CURRENT_PROJECT_VERSION = 1;
				DEVELOPMENT_TEAM = KT22AUQWMB;
				GENERATE_INFOPLIST_FILE = YES;
				IPHONEOS_DEPLOYMENT_TARGET = 16.2;
				MARKETING_VERSION = 1.0;
				PRODUCT_BUNDLE_IDENTIFIER = "-23.snapkitTests";
				PRODUCT_NAME = "$(TARGET_NAME)";
				SWIFT_EMIT_LOC_STRINGS = NO;
				SWIFT_VERSION = 5.0;
				TARGETED_DEVICE_FAMILY = "1,2";
				TEST_HOST = "$(BUILT_PRODUCTS_DIR)/snapkit.app/$(BUNDLE_EXECUTABLE_FOLDER_PATH)/snapkit";
			};
			name = Release;
		};
		3F3D542E2A45D4A80094861B /* Debug */ = {
			isa = XCBuildConfiguration;
			buildSettings = {
				ALWAYS_EMBED_SWIFT_STANDARD_LIBRARIES = YES;
				CODE_SIGN_STYLE = Automatic;
				CURRENT_PROJECT_VERSION = 1;
				DEVELOPMENT_TEAM = KT22AUQWMB;
				GENERATE_INFOPLIST_FILE = YES;
				MARKETING_VERSION = 1.0;
				PRODUCT_BUNDLE_IDENTIFIER = "-23.snapkitUITests";
				PRODUCT_NAME = "$(TARGET_NAME)";
				SWIFT_EMIT_LOC_STRINGS = NO;
				SWIFT_VERSION = 5.0;
				TARGETED_DEVICE_FAMILY = "1,2";
				TEST_TARGET_NAME = snapkit;
			};
			name = Debug;
		};
		3F3D542F2A45D4A80094861B /* Release */ = {
			isa = XCBuildConfiguration;
			buildSettings = {
				ALWAYS_EMBED_SWIFT_STANDARD_LIBRARIES = YES;
				CODE_SIGN_STYLE = Automatic;
				CURRENT_PROJECT_VERSION = 1;
				DEVELOPMENT_TEAM = KT22AUQWMB;
				GENERATE_INFOPLIST_FILE = YES;
				MARKETING_VERSION = 1.0;
				PRODUCT_BUNDLE_IDENTIFIER = "-23.snapkitUITests";
				PRODUCT_NAME = "$(TARGET_NAME)";
				SWIFT_EMIT_LOC_STRINGS = NO;
				SWIFT_VERSION = 5.0;
				TARGETED_DEVICE_FAMILY = "1,2";
				TEST_TARGET_NAME = snapkit;
			};
			name = Release;
		};
/* End XCBuildConfiguration section */

/* Begin XCConfigurationList section */
		3F3D53F82A45D4A70094861B /* Build configuration list for PBXProject "snapkit" */ = {
			isa = XCConfigurationList;
			buildConfigurations = (
				3F3D54252A45D4A80094861B /* Debug */,
				3F3D54262A45D4A80094861B /* Release */,
			);
			defaultConfigurationIsVisible = 0;
			defaultConfigurationName = Release;
		};
		3F3D54272A45D4A80094861B /* Build configuration list for PBXNativeTarget "snapkit" */ = {
			isa = XCConfigurationList;
			buildConfigurations = (
				3F3D54282A45D4A80094861B /* Debug */,
				3F3D54292A45D4A80094861B /* Release */,
			);
			defaultConfigurationIsVisible = 0;
			defaultConfigurationName = Release;
		};
		3F3D542A2A45D4A80094861B /* Build configuration list for PBXNativeTarget "snapkitTests" */ = {
			isa = XCConfigurationList;
			buildConfigurations = (
				3F3D542B2A45D4A80094861B /* Debug */,
				3F3D542C2A45D4A80094861B /* Release */,
			);
			defaultConfigurationIsVisible = 0;
			defaultConfigurationName = Release;
		};
		3F3D542D2A45D4A80094861B /* Build configuration list for PBXNativeTarget "snapkitUITests" */ = {
			isa = XCConfigurationList;
			buildConfigurations = (
				3F3D542E2A45D4A80094861B /* Debug */,
				3F3D542F2A45D4A80094861B /* Release */,
			);
			defaultConfigurationIsVisible = 0;
			defaultConfigurationName = Release;
		};
/* End XCConfigurationList section */

/* Begin XCRemoteSwiftPackageReference section */
		3F3D54302A45D9BB0094861B /* XCRemoteSwiftPackageReference "SnapKit" */ = {
			isa = XCRemoteSwiftPackageReference;
			repositoryURL = "https://github.com/SnapKit/SnapKit.git";
			requirement = {
				kind = upToNextMajorVersion;
				minimumVersion = 5.0.0;
			};
		};
/* End XCRemoteSwiftPackageReference section */

/* Begin XCSwiftPackageProductDependency section */
		3F3D54312A45D9BB0094861B /* SnapKit */ = {
			isa = XCSwiftPackageProductDependency;
			package = 3F3D54302A45D9BB0094861B /* XCRemoteSwiftPackageReference "SnapKit" */;
			productName = SnapKit;
		};
/* End XCSwiftPackageProductDependency section */
	};
	rootObject = 3F3D53F52A45D4A70094861B /* Project object */;
}
